
Microsoft Visual Studio Solution File, Format Version 12.00
# Visual Studio Version 17
VisualStudioVersion = 17.11.35327.3
MinimumVisualStudioVersion = 10.0.40219.1
Project("{FAE04EC0-301F-11D3-BF4B-00C04F79EFBC}") = "Examination_management_system", "Examination_management_system\Examination_management_system.csproj", "{98DFEBB2-7681-40CF-AE93-D96FA2F90B9D}"
EndProject
Global
	GlobalSection(SolutionConfigurationPlatforms) = preSolution
		Debug|Any CPU = Debug|Any CPU
		Release|Any CPU = Release|Any CPU
	EndGlobalSection
	GlobalSection(ProjectConfigurationPlatforms) = postSolution
		{98DFEBB2-7681-40CF-AE93-D96FA2F90B9D}.Debug|Any CPU.ActiveCfg = Debug|Any CPU
		{98DFEBB2-7681-40CF-AE93-D96FA2F90B9D}.Debug|Any CPU.Build.0 = Debug|Any CPU
		{98DFEBB2-7681-40CF-AE93-D96FA2F90B9D}.Release|Any CPU.ActiveCfg = Release|Any CPU
		{98DFEBB2-7681-40CF-AE93-D96FA2F90B9D}.Release|Any CPU.Build.0 = Release|Any CPU
	EndGlobalSection
	GlobalSection(SolutionProperties) = preSolution
		HideSolutionNode = FALSE
	EndGlobalSection
	GlobalSection(ExtensibilityGlobals) = postSolution
		SolutionGuid = {A65EFEF5-9CF8-432E-8EE4-3C93536F2A8E}
	EndGlobalSection
EndGlobal
